lockfileVersion: '9.0'

settings:
  autoInstallPeers: true
  excludeLinksFromLockfile: false

importers:

  .:
    dependencies:
      '@eslint/compat':
        specifier: ^1.0.0 || ^2.0.0
        version: 2.1.0

packages:

  '@eslint/compat@2.1.0':
    resolution: {integrity: sha512-LgaSCymEpw7tF53xvDw9SNsraPb1IBHxpdABIOM0hW8UAlP8znrjYtuxfR58FSJ3L9BhwD+FaPRFQpZq84Nh6g==}
    engines: {node: ^20.19.0 || ^22.13.0 || >=24}
    peerDependencies:
      eslint: ^8.40 || 9 || 10
    peerDependenciesMeta:
      eslint:
        optional: true

  '@eslint/core@1.2.1':
    resolution: {integrity: sha512-MwcE1P+AZ4C6DWlpin/OmOA54mmIZ/+xZuJiQd4SyB29oAJjN30UW9wkKNptW2ctp4cEsvhlLY/CsQ1uoHDloQ==}
    engines: {node: ^20.19.0 || ^22.13.0 || >=24}

  '@types/json-schema@7.0.15':
    resolution: {integrity: sha512-5+fP8P8MFNC+AyZCDxrB2pkZFPGzqQWUzpSeuuVLvm8VMcorNYavBqoFcxK8bQz4Qsbn4oUEEem4wDLfcysGHA==}

snapshots:

  '@eslint/compat@2.1.0':
    dependencies:
      '@eslint/core': 1.2.1

  '@eslint/core@1.2.1':
    dependencies:
      '@types/json-schema': 7.0.15

  '@types/json-schema@7.0.15': {}
